
Microsoft Visual Studio Solution File, Format Version 12.00
# Visual Studio 15
Project("{FAE04EC0-301F-11D3-BF4B-00C04F79EFBC}") = "UnityEngine.TestRunner", "UnityEngine.TestRunner.csproj", "{BB2375CA-0F5D-C902-644F-F8258D05823A}"
EndProject
Project("{FAE04EC0-301F-11D3-BF4B-00C04F79EFBC}") = "Unity.VisualScripting.Flow", "Unity.VisualScripting.Flow.csproj", "{DCED583D-B8B0-291E-72BB-3DEDE705AAC9}"
EndProject
Project("{FAE04EC0-301F-11D3-BF4B-00C04F79EFBC}") = "Unity.InputSystem", "Unity.InputSystem.csproj", "{EF203A2C-7162-2CCE-1571-93ED7828F47E}"
EndProject
Project("{FAE04EC0-301F-11D3-BF4B-00C04F79EFBC}") = "Unity.VisualScripting.State", "Unity.VisualScripting.State.csproj", "{2B1E50DA-7451-03DB-3754-6E4EB979AA11}"
EndProject
Project("{FAE04EC0-301F-11D3-BF4B-00C04F79EFBC}") = "Unity.VisualScripting.Core", "Unity.VisualScripting.Core.csproj", "{124EB2D4-87A1-935D-937A-C72E08557F27}"
EndProject
Project("{FAE04EC0-301F-11D3-BF4B-00C04F79EFBC}") = "Unity.TextMeshPro", "Unity.TextMeshPro.csproj", "{6BACC91B-1736-1B46-57D7-BC6480C0B8FC}"
EndProject
Project("{FAE04EC0-301F-11D3-BF4B-00C04F79EFBC}") = "Unity.Timeline", "Unity.Timeline.csproj", "{E7DCE314-2D21-9F1A-673D-A3120C541CA0}"
EndProject
Project("{FAE04EC0-301F-11D3-BF4B-00C04F79EFBC}") = "Assembly-CSharp", "Assembly-CSharp.csproj", "{7EADAE52-9811-A1A6-9CC6-D9614C521006}"
EndProject
Project("{FAE04EC0-301F-11D3-BF4B-00C04F79EFBC}") = "Unity.PlasticSCM.Editor", "Unity.PlasticSCM.Editor.csproj", "{CEA765FD-A015-9812-055F-BC6E40DE24E9}"
EndProject
Project("{FAE04EC0-301F-11D3-BF4B-00C04F79EFBC}") = "Unity.VisualScripting.Core.Editor", "Unity.VisualScripting.Core.Editor.csproj", "{D1C65B05-0C3C-FE24-6C51-90E4C07FEA6E}"
EndProject
Project("{FAE04EC0-301F-11D3-BF4B-00C04F79EFBC}") = "Unity.VisualScripting.Flow.Editor", "Unity.VisualScripting.Flow.Editor.csproj", "{FBEA23AA-BFBA-A833-4F41-F863DBAF19E1}"
EndProject
Project("{FAE04EC0-301F-11D3-BF4B-00C04F79EFBC}") = "Unity.VisualStudio.Editor", "Unity.VisualStudio.Editor.csproj", "{A33543B8-FBC4-F8FA-5051-1A2ED7D22A03}"
EndProject
Project("{FAE04EC0-301F-11D3-BF4B-00C04F79EFBC}") = "Unity.Timeline.Editor", "Unity.Timeline.Editor.csproj", "{C77B06C9-84E4-8594-104E-4DE6B87A8DD0}"
EndProject
Project("{FAE04EC0-301F-11D3-BF4B-00C04F79EFBC}") = "Unity.VisualScripting.State.Editor", "Unity.VisualScripting.State.Editor.csproj", "{849683FC-299C-7E19-BFCA-24F4CB5B2E8D}"
EndProject
Project("{FAE04EC0-301F-11D3-BF4B-00C04F79EFBC}") = "Unity.TextMeshPro.Editor", "Unity.TextMeshPro.Editor.csproj", "{F385F75B-EDCC-6CDB-CE91-5906E88E09DE}"
EndProject
Project("{FAE04EC0-301F-11D3-BF4B-00C04F79EFBC}") = "Unity.VisualScripting.SettingsProvider.Editor", "Unity.VisualScripting.SettingsProvider.Editor.csproj", "{A4DC0E81-608B-E00D-100B-130912D3B3A9}"
EndProject
Project("{FAE04EC0-301F-11D3-BF4B-00C04F79EFBC}") = "UnityEditor.TestRunner", "UnityEditor.TestRunner.csproj", "{B0006812-45B7-C22B-28CB-60B23C1CD54C}"
EndProject
Project("{FAE04EC0-301F-11D3-BF4B-00C04F79EFBC}") = "Unity.Rider.Editor", "Unity.Rider.Editor.csproj", "{DA8560DB-2391-36FA-FF46-2BC5E3DF222C}"
EndProject
Project("{FAE04EC0-301F-11D3-BF4B-00C04F79EFBC}") = "Unity.VSCode.Editor", "Unity.VSCode.Editor.csproj", "{913B83C0-50CB-84F5-6C43-2D1CD4C8697C}"
EndProject
Project("{FAE04EC0-301F-11D3-BF4B-00C04F79EFBC}") = "Unity.CollabProxy.Editor", "Unity.CollabProxy.Editor.csproj", "{7BFB4285-DF5B-765A-E149-696A1D62D7A5}"
EndProject
Project("{FAE04EC0-301F-11D3-BF4B-00C04F79EFBC}") = "Unity.VisualScripting.Shared.Editor", "Unity.VisualScripting.Shared.Editor.csproj", "{64C365C3-9225-DFCF-821F-AEAAEFCDB634}"
EndProject
Global
	GlobalSection(SolutionConfigurationPlatforms) = preSolution
		Debug|Any CPU = Debug|Any CPU
		Release|Any CPU = Release|Any CPU
	EndGlobalSection
	GlobalSection(ProjectConfigurationPlatforms) = postSolution
		{BB2375CA-0F5D-C902-644F-F8258D05823A}.Debug|Any CPU.ActiveCfg = Debug|Any CPU
		{BB2375CA-0F5D-C902-644F-F8258D05823A}.Debug|Any CPU.Build.0 = Debug|Any CPU
		{BB2375CA-0F5D-C902-644F-F8258D05823A}.Release|Any CPU.ActiveCfg = Release|Any CPU
		{BB2375CA-0F5D-C902-644F-F8258D05823A}.Release|Any CPU.Build.0 = Release|Any CPU
		{DCED583D-B8B0-291E-72BB-3DEDE705AAC9}.Debug|Any CPU.ActiveCfg = Debug|Any CPU
		{DCED583D-B8B0-291E-72BB-3DEDE705AAC9}.Debug|Any CPU.Build.0 = Debug|Any CPU
		{DCED583D-B8B0-291E-72BB-3DEDE705AAC9}.Release|Any CPU.ActiveCfg = Release|Any CPU
		{DCED583D-B8B0-291E-72BB-3DEDE705AAC9}.Release|Any CPU.Build.0 = Release|Any CPU
		{EF203A2C-7162-2CCE-1571-93ED7828F47E}.Debug|Any CPU.ActiveCfg = Debug|Any CPU
		{EF203A2C-7162-2CCE-1571-93ED7828F47E}.Debug|Any CPU.Build.0 = Debug|Any CPU
		{EF203A2C-7162-2CCE-1571-93ED7828F47E}.Release|Any CPU.ActiveCfg = Release|Any CPU
		{EF203A2C-7162-2CCE-1571-93ED7828F47E}.Release|Any CPU.Build.0 = Release|Any CPU
		{2B1E50DA-7451-03DB-3754-6E4EB979AA11}.Debug|Any CPU.ActiveCfg = Debug|Any CPU
		{2B1E50DA-7451-03DB-3754-6E4EB979AA11}.Debug|Any CPU.Build.0 = Debug|Any CPU
		{2B1E50DA-7451-03DB-3754-6E4EB979AA11}.Release|Any CPU.ActiveCfg = Release|Any CPU
		{2B1E50DA-7451-03DB-3754-6E4EB979AA11}.Release|Any CPU.Build.0 = Release|Any CPU
		{124EB2D4-87A1-935D-937A-C72E08557F27}.Debug|Any CPU.ActiveCfg = Debug|Any CPU
		{124EB2D4-87A1-935D-937A-C72E08557F27}.Debug|Any CPU.Build.0 = Debug|Any CPU
		{124EB2D4-87A1-935D-937A-C72E08557F27}.Release|Any CPU.ActiveCfg = Release|Any CPU
		{124EB2D4-87A1-935D-937A-C72E08557F27}.Release|Any CPU.Build.0 = Release|Any CPU
		{6BACC91B-1736-1B46-57D7-BC6480C0B8FC}.Debug|Any CPU.ActiveCfg = Debug|Any CPU
		{6BACC91B-1736-1B46-57D7-BC6480C0B8FC}.Debug|Any CPU.Build.0 = Debug|Any CPU
		{6BACC91B-1736-1B46-57D7-BC6480C0B8FC}.Release|Any CPU.ActiveCfg = Release|Any CPU
		{6BACC91B-1736-1B46-57D7-BC6480C0B8FC}.Release|Any CPU.Build.0 = Release|Any CPU
		{E7DCE314-2D21-9F1A-673D-A3120C541CA0}.Debug|Any CPU.ActiveCfg = Debug|Any CPU
		{E7DCE314-2D21-9F1A-673D-A3120C541CA0}.Debug|Any CPU.Build.0 = Debug|Any CPU
		{E7DCE314-2D21-9F1A-673D-A3120C541CA0}.Release|Any CPU.ActiveCfg = Release|Any CPU
		{E7DCE314-2D21-9F1A-673D-A3120C541CA0}.Release|Any CPU.Build.0 = Release|Any CPU
		{7EADAE52-9811-A1A6-9CC6-D9614C521006}.Debug|Any CPU.ActiveCfg = Debug|Any CPU
		{7EADAE52-9811-A1A6-9CC6-D9614C521006}.Debug|Any CPU.Build.0 = Debug|Any CPU
		{7EADAE52-9811-A1A6-9CC6-D9614C521006}.Release|Any CPU.ActiveCfg = Release|Any CPU
		{7EADAE52-9811-A1A6-9CC6-D9614C521006}.Release|Any CPU.Build.0 = Release|Any CPU
		{CEA765FD-A015-9812-055F-BC6E40DE24E9}.Debug|Any CPU.ActiveCfg = Debug|Any CPU
		{CEA765FD-A015-9812-055F-BC6E40DE24E9}.Debug|Any CPU.Build.0 = Debug|Any CPU
		{CEA765FD-A015-9812-055F-BC6E40DE24E9}.Release|Any CPU.ActiveCfg = Release|Any CPU
		{CEA765FD-A015-9812-055F-BC6E40DE24E9}.Release|Any CPU.Build.0 = Release|Any CPU
		{D1C65B05-0C3C-FE24-6C51-90E4C07FEA6E}.Debug|Any CPU.ActiveCfg = Debug|Any CPU
		{D1C65B05-0C3C-FE24-6C51-90E4C07FEA6E}.Debug|Any CPU.Build.0 = Debug|Any CPU
		{D1C65B05-0C3C-FE24-6C51-90E4C07FEA6E}.Release|Any CPU.ActiveCfg = Release|Any CPU
		{D1C65B05-0C3C-FE24-6C51-90E4C07FEA6E}.Release|Any CPU.Build.0 = Release|Any CPU
		{FBEA23AA-BFBA-A833-4F41-F863DBAF19E1}.Debug|Any CPU.ActiveCfg = Debug|Any CPU
		{FBEA23AA-BFBA-A833-4F41-F863DBAF19E1}.Debug|Any CPU.Build.0 = Debug|Any CPU
		{FBEA23AA-BFBA-A833-4F41-F863DBAF19E1}.Release|Any CPU.ActiveCfg = Release|Any CPU
		{FBEA23AA-BFBA-A833-4F41-F863DBAF19E1}.Release|Any CPU.Build.0 = Release|Any CPU
		{A33543B8-FBC4-F8FA-5051-1A2ED7D22A03}.Debug|Any CPU.ActiveCfg = Debug|Any CPU
		{A33543B8-FBC4-F8FA-5051-1A2ED7D22A03}.Debug|Any CPU.Build.0 = Debug|Any CPU
		{A33543B8-FBC4-F8FA-5051-1A2ED7D22A03}.Release|Any CPU.ActiveCfg = Release|Any CPU
		{A33543B8-FBC4-F8FA-5051-1A2ED7D22A03}.Release|Any CPU.Build.0 = Release|Any CPU
		{C77B06C9-84E4-8594-104E-4DE6B87A8DD0}.Debug|Any CPU.ActiveCfg = Debug|Any CPU
		{C77B06C9-84E4-8594-104E-4DE6B87A8DD0}.Debug|Any CPU.Build.0 = Debug|Any CPU
		{C77B06C9-84E4-8594-104E-4DE6B87A8DD0}.Release|Any CPU.ActiveCfg = Release|Any CPU
		{C77B06C9-84E4-8594-104E-4DE6B87A8DD0}.Release|Any CPU.Build.0 = Release|Any CPU
		{849683FC-299C-7E19-BFCA-24F4CB5B2E8D}.Debug|Any CPU.ActiveCfg = Debug|Any CPU
		{849683FC-299C-7E19-BFCA-24F4CB5B2E8D}.Debug|Any CPU.Build.0 = Debug|Any CPU
		{849683FC-299C-7E19-BFCA-24F4CB5B2E8D}.Release|Any CPU.ActiveCfg = Release|Any CPU
		{849683FC-299C-7E19-BFCA-24F4CB5B2E8D}.Release|Any CPU.Build.0 = Release|Any CPU
		{F385F75B-EDCC-6CDB-CE91-5906E88E09DE}.Debug|Any CPU.ActiveCfg = Debug|Any CPU
		{F385F75B-EDCC-6CDB-CE91-5906E88E09DE}.Debug|Any CPU.Build.0 = Debug|Any CPU
		{F385F75B-EDCC-6CDB-CE91-5906E88E09DE}.Release|Any CPU.ActiveCfg = Release|Any CPU
		{F385F75B-EDCC-6CDB-CE91-5906E88E09DE}.Release|Any CPU.Build.0 = Release|Any CPU
		{A4DC0E81-608B-E00D-100B-130912D3B3A9}.Debug|Any CPU.ActiveCfg = Debug|Any CPU
		{A4DC0E81-608B-E00D-100B-130912D3B3A9}.Debug|Any CPU.Build.0 = Debug|Any CPU
		{A4DC0E81-608B-E00D-100B-130912D3B3A9}.Release|Any CPU.ActiveCfg = Release|Any CPU
		{A4DC0E81-608B-E00D-100B-130912D3B3A9}.Release|Any CPU.Build.0 = Release|Any CPU
		{B0006812-45B7-C22B-28CB-60B23C1CD54C}.Debug|Any CPU.ActiveCfg = Debug|Any CPU
		{B0006812-45B7-C22B-28CB-60B23C1CD54C}.Debug|Any CPU.Build.0 = Debug|Any CPU
		{B0006812-45B7-C22B-28CB-60B23C1CD54C}.Release|Any CPU.ActiveCfg = Release|Any CPU
		{B0006812-45B7-C22B-28CB-60B23C1CD54C}.Release|Any CPU.Build.0 = Release|Any CPU
		{DA8560DB-2391-36FA-FF46-2BC5E3DF222C}.Debug|Any CPU.ActiveCfg = Debug|Any CPU
		{DA8560DB-2391-36FA-FF46-2BC5E3DF222C}.Debug|Any CPU.Build.0 = Debug|Any CPU
		{DA8560DB-2391-36FA-FF46-2BC5E3DF222C}.Release|Any CPU.ActiveCfg = Release|Any CPU
		{DA8560DB-2391-36FA-FF46-2BC5E3DF222C}.Release|Any CPU.Build.0 = Release|Any CPU
		{913B83C0-50CB-84F5-6C43-2D1CD4C8697C}.Debug|Any CPU.ActiveCfg = Debug|Any CPU
		{913B83C0-50CB-84F5-6C43-2D1CD4C8697C}.Debug|Any CPU.Build.0 = Debug|Any CPU
		{913B83C0-50CB-84F5-6C43-2D1CD4C8697C}.Release|Any CPU.ActiveCfg = Release|Any CPU
		{913B83C0-50CB-84F5-6C43-2D1CD4C8697C}.Release|Any CPU.Build.0 = Release|Any CPU
		{7BFB4285-DF5B-765A-E149-696A1D62D7A5}.Debug|Any CPU.ActiveCfg = Debug|Any CPU
		{7BFB4285-DF5B-765A-E149-696A1D62D7A5}.Debug|Any CPU.Build.0 = Debug|Any CPU
		{7BFB4285-DF5B-765A-E149-696A1D62D7A5}.Release|Any CPU.ActiveCfg = Release|Any CPU
		{7BFB4285-DF5B-765A-E149-696A1D62D7A5}.Release|Any CPU.Build.0 = Release|Any CPU
		{64C365C3-9225-DFCF-821F-AEAAEFCDB634}.Debug|Any CPU.ActiveCfg = Debug|Any CPU
		{64C365C3-9225-DFCF-821F-AEAAEFCDB634}.Debug|Any CPU.Build.0 = Debug|Any CPU
		{64C365C3-9225-DFCF-821F-AEAAEFCDB634}.Release|Any CPU.ActiveCfg = Release|Any CPU
		{64C365C3-9225-DFCF-821F-AEAAEFCDB634}.Release|Any CPU.Build.0 = Release|Any CPU
	EndGlobalSection
	GlobalSection(SolutionProperties) = preSolution
		HideSolutionNode = FALSE
	EndGlobalSection
EndGlobal
